{
  "nodes": {
    "nixpkgs": {
      "locked": {
        "lastModified": 1713802212,
        "narHash": "sha256-UsmqAzXrZZKMqME6MLlV2dzfUI3fyfxMwgpaGRXpKC8=",
        "owner": "NixOS",
        "repo": "nixpkgs",
        "rev": "f98e5d632f974c6c966c0eb10a5ddbf067643498",
        "type": "github"
      },
      "original": {
        "owner": "NixOS",
        "repo": "nixpkgs",
        "type": "github"
      }
    },
    "nixpkgs-unstable": {
      "locked": {
        "lastModified": 1713714268,
        "narHash": "sha256-ZJGnom7YthvNxUZLdUzy5VePTwYgDYcnnPpyHT4n9lY=",
        "owner": "NixOS",
        "repo": "nixpkgs",
        "rev": "69ee1d82f1fa4c70a3dc9a64111e7eef3b8e4527",
        "type": "github"
      },
      "original": {
        "owner": "NixOS",
        "ref": "nixpkgs-unstable",
        "repo": "nixpkgs",
        "type": "github"
      }
    },
    "root": {
      "inputs": {
        "nixpkgs": "nixpkgs",
        "nixpkgs-unstable": "nixpkgs-unstable"
      }
    }
  },
  "root": "root",
  "version": 7
}
